// !$*UTF8*$!
{
	archiveVersion = 1;
	classes = {
	};
	objectVersion = 46;
	objects = {
/* Begin PBXBuildFile section */
		0207DA581B56EA530066E2B4 /* Images.xcassets in Resources */ = {isa = PBXBuildFile; fileRef = 0207DA571B56EA530066E2B4 /* Images.xcassets */; };
		1D3623260D0F684500981E51 /* AppDelegate.m in Sources */ = {isa = PBXBuildFile; fileRef = 1D3623250D0F684500981E51 /* AppDelegate.m */; };
		1D60589B0D05DD56006BFB54 /* main.m in Sources */ = {isa = PBXBuildFile; fileRef = 29B97316FDCFA39411CA2CEA /* main.m */; };
		301BF552109A68D80062928A /* libCordova.a in Frameworks */ = {isa = PBXBuildFile; fileRef = 301BF535109A57CC0062928A /* libCordova.a */; };
		302D95F114D2391D003F00A1 /* MainViewController.m in Sources */ = {isa = PBXBuildFile; fileRef = 302D95EF14D2391D003F00A1 /* MainViewController.m */; };
		302D95F214D2391D003F00A1 /* MainViewController.xib in Resources */ = {isa = PBXBuildFile; fileRef = 302D95F014D2391D003F00A1 /* MainViewController.xib */; };
		3047A5121AB8059700498E2A /* build-debug.xcconfig in Resources */ = {isa = PBXBuildFile; fileRef = 3047A50F1AB8059700498E2A /* build-debug.xcconfig */; };
		3047A5131AB8059700498E2A /* build-release.xcconfig in Resources */ = {isa = PBXBuildFile; fileRef = 3047A5101AB8059700498E2A /* build-release.xcconfig */; };
		3047A5141AB8059700498E2A /* build.xcconfig in Resources */ = {isa = PBXBuildFile; fileRef = 3047A5111AB8059700498E2A /* build.xcconfig */; };
		6AFF5BF91D6E424B00AB3073 /* CDVLaunchScreen.storyboard in Resources */ = {isa = PBXBuildFile; fileRef = 6AFF5BF81D6E424B00AB3073 /* CDVLaunchScreen.storyboard */; };
		74C80330EFAC4129BEF98FA9 /* RareloopAppVersion.m in Sources */ = {isa = PBXBuildFile; fileRef = 8ACBBEE5E2E640FF8C0712EF /* RareloopAppVersion.m */; };
		CC317E1747D54F118C6C7E0E /* AppVersion.m in Sources */ = {isa = PBXBuildFile; fileRef = 3BEA342B9B9245089F9D4D0C /* AppVersion.m */; };
		217673497E1D486AA6F411F8 /* CDVDevice.m in Sources */ = {isa = PBXBuildFile; fileRef = AC7A51C25E9B481A88911785 /* CDVDevice.m */; };
		8A2795BD545945AA9BED037B /* CDVInAppBrowser.m in Sources */ = {isa = PBXBuildFile; fileRef = FB79DF7844A74341A2E1413D /* CDVInAppBrowser.m */; };
		276E873EF1A5421FAFAF9CB2 /* CDVIonicKeyboard.m in Sources */ = {isa = PBXBuildFile; fileRef = 278123F9B83D4A1E9D96297B /* CDVIonicKeyboard.m */; };
		16F2E668A18042D2A9BB8D4B /* CDVWKWebViewEngine.m in Sources */ = {isa = PBXBuildFile; fileRef = 9178C22DF284403480054AAD /* CDVWKWebViewEngine.m */; };
		690E795986C14058869D494D /* CDVWKWebViewUIDelegate.m in Sources */ = {isa = PBXBuildFile; fileRef = 01AAF2346E0E46199A6DA753 /* CDVWKWebViewUIDelegate.m */; };
		10135502EA924F14A0426A7A /* CDVWKProcessPoolFactory.m in Sources */ = {isa = PBXBuildFile; fileRef = A0BB2CA4AA184E31B4678197 /* CDVWKProcessPoolFactory.m */; };
		1BEB32C5002240C5A41E3113 /* GCDWebServer.m in Sources */ = {isa = PBXBuildFile; fileRef = FD63514E844E4155B43C97ED /* GCDWebServer.m */; };
		ACDC918CEB9E4ACA9B765B59 /* GCDWebServerConnection.m in Sources */ = {isa = PBXBuildFile; fileRef = 780AAD1E67664BD8B343DDFF /* GCDWebServerConnection.m */; };
		AB3BF7AB3CA045379605B0B3 /* GCDWebServerFunctions.m in Sources */ = {isa = PBXBuildFile; fileRef = 06E54A0DB84E429790C94B2A /* GCDWebServerFunctions.m */; };
		4DCEC382A075424D9C671C1D /* GCDWebServerRequest.m in Sources */ = {isa = PBXBuildFile; fileRef = C2648661063542EA82D3BFCD /* GCDWebServerRequest.m */; };
		577E70BFFDEB4915A1375345 /* GCDWebServerResponse.m in Sources */ = {isa = PBXBuildFile; fileRef = D3AFB036426B4B709BAD0E6E /* GCDWebServerResponse.m */; };
		65349A72DAE64E24B16439C4 /* GCDWebServerDataRequest.m in Sources */ = {isa = PBXBuildFile; fileRef = 2B43363176A14E4587A6E8B6 /* GCDWebServerDataRequest.m */; };
		E5B4C819E7514B1F84203008 /* GCDWebServerFileRequest.m in Sources */ = {isa = PBXBuildFile; fileRef = 445F121A524B4275A97BA35B /* GCDWebServerFileRequest.m */; };
		9034668C73964ACF9BF1E920 /* GCDWebServerMultiPartFormRequest.m in Sources */ = {isa = PBXBuildFile; fileRef = 712215E78B544DC7B76796EF /* GCDWebServerMultiPartFormRequest.m */; };
		4933A54E50474D6395E06632 /* GCDWebServerURLEncodedFormRequest.m in Sources */ = {isa = PBXBuildFile; fileRef = D5988D61A6F8413F92CF37DF /* GCDWebServerURLEncodedFormRequest.m */; };
		52F1ED9B55D247CA8DC3A0A7 /* GCDWebServerDataResponse.m in Sources */ = {isa = PBXBuildFile; fileRef = A67BD032FAD5489296C6C888 /* GCDWebServerDataResponse.m */; };
		2A278527846444BF83C7BA80 /* GCDWebServerErrorResponse.m in Sources */ = {isa = PBXBuildFile; fileRef = CA26B2ABA5A04CA991908CAB /* GCDWebServerErrorResponse.m */; };
		A26BF45F8A82483880DE061A /* GCDWebServerFileResponse.m in Sources */ = {isa = PBXBuildFile; fileRef = 02881FD963E34C839A282DC0 /* GCDWebServerFileResponse.m */; };
		2DD0CFE41833470CA14E3963 /* GCDWebServerStreamedResponse.m in Sources */ = {isa = PBXBuildFile; fileRef = AFCED2EF14E8410E8CF42D2F /* GCDWebServerStreamedResponse.m */; };
		818578D6D45C4AC183A52A82 /* WebKit.framework in Frameworks */ = {isa = PBXBuildFile; fileRef = B7686D375A9043B9A667B9EE /* WebKit.framework */; settings = {ATTRIBUTES = (Weak, ); }; };
		4862FDEAAD814075AED6A6BB /* libz.tbd in Frameworks */ = {isa = PBXBuildFile; fileRef = 00CFAB55D95244D5BD1F6196 /* libz.tbd */; };
		D5799C84868D4D5284CFA8D3 /* CDVSplashScreen.m in Sources */ = {isa = PBXBuildFile; fileRef = FAF34C9BC61D466786D8CF2D /* CDVSplashScreen.m */; };
		810D6557B41F4B57B44B02CB /* CDVViewController+SplashScreen.m in Sources */ = {isa = PBXBuildFile; fileRef = A2C33D2A7D444E33B43591C9 /* CDVViewController+SplashScreen.m */; };
		9EA544383C45463FAC38889C /* CDVStatusBar.m in Sources */ = {isa = PBXBuildFile; fileRef = 0EE6B99B218E49F791548E26 /* CDVStatusBar.m */; };
		D27B9623ACB64D1398AEDB40 /* UIImage+CropScaleOrientation.m in Sources */ = {isa = PBXBuildFile; fileRef = D198EDD38EB14983942E4E21 /* UIImage+CropScaleOrientation.m */; };
		8511AD7BC1B94FA48D1449C9 /* CDVCamera.m in Sources */ = {isa = PBXBuildFile; fileRef = 1830C3CC3648427E899748CC /* CDVCamera.m */; };
		8A4E7B376AB64F56980A7F78 /* CDVJpegHeaderWriter.m in Sources */ = {isa = PBXBuildFile; fileRef = 835B84A568C24E769C162793 /* CDVJpegHeaderWriter.m */; };
		4E9A59D4F05E493682130171 /* ImageIO.framework in Frameworks */ = {isa = PBXBuildFile; fileRef = 1C03520B3D934E22AAF02C14 /* ImageIO.framework */; settings = {ATTRIBUTES = (Weak, ); }; };
		C6A6D5B96F244D90A2B63977 /* CoreLocation.framework in Frameworks */ = {isa = PBXBuildFile; fileRef = 8DFA06C045164A90BFB1D5C6 /* CoreLocation.framework */; };
		AC63EAA4FB2D4E0C96142870 /* AVFoundation.framework in Frameworks */ = {isa = PBXBuildFile; fileRef = B69E0C40193341C582C1CC06 /* AVFoundation.framework */; };
		E3A42640DB88433EB94713DB /* CDVFile.m in Sources */ = {isa = PBXBuildFile; fileRef = 41638F1EF3164B0F82C3FD2D /* CDVFile.m */; };
		869693D9B6DD454E8CA4058D /* CDVLocalFilesystem.m in Sources */ = {isa = PBXBuildFile; fileRef = 4319CF457D0A4F68BB132919 /* CDVLocalFilesystem.m */; };
		8D3B268BD9604B6C902AF7B4 /* CDVAssetLibraryFilesystem.m in Sources */ = {isa = PBXBuildFile; fileRef = FFED18A224044553B03B0391 /* CDVAssetLibraryFilesystem.m */; };
		434E087D68F246148B9FDB02 /* PhotoLibrary.swift in Sources */ = {isa = PBXBuildFile; fileRef = 6073A35A613A48D89DF15A10 /* PhotoLibrary.swift */; };
		34A0192E7FC14E119D51F99F /* PhotoLibraryProtocol.swift in Sources */ = {isa = PBXBuildFile; fileRef = 71274425EF3A4F84959AAF64 /* PhotoLibraryProtocol.swift */; };
		46BAA3FDC1D94F6AA7B76707 /* PhotoLibraryService.swift in Sources */ = {isa = PBXBuildFile; fileRef = 345930E53D0A4F628FA98700 /* PhotoLibraryService.swift */; };
		600608CD40634E83A3904A51 /* PhotoLibraryGetLibraryOptions.swift in Sources */ = {isa = PBXBuildFile; fileRef = BCD022D583DA4E71A52C07E5 /* PhotoLibraryGetLibraryOptions.swift */; };
		97A69BB0A2DC41D29B52C3B5 /* QRScanner.swift in Sources */ = {isa = PBXBuildFile; fileRef = 4708C26B5B2142FDAB507D8E /* QRScanner.swift */; };
		EC616B8A56C5482B9EED7FE7 /* CTCrop.m in Sources */ = {isa = PBXBuildFile; fileRef = 31589562A0E44476A4910596 /* CTCrop.m */; };
		827847D5DE894D289BF1ED2F /* PECropRectView.m in Sources */ = {isa = PBXBuildFile; fileRef = F79D0EE51B374E77B9E887F9 /* PECropRectView.m */; };
		36946205D93A4C10A465B36D /* PECropView.m in Sources */ = {isa = PBXBuildFile; fileRef = 1833BD17FC02483DBF5C4D24 /* PECropView.m */; };
		6E90A98A725840DBA494CE2C /* PECropViewController.m in Sources */ = {isa = PBXBuildFile; fileRef = 89E6BCFC899A40339EAFD083 /* PECropViewController.m */; };
		483615885E7D487B8E59E8C8 /* PEResizeControl.m in Sources */ = {isa = PBXBuildFile; fileRef = 726B8FD094EC4B4E81531F1F /* PEResizeControl.m */; };
		C05E07D892E7460993C67516 /* UIImage+PECrop.m in Sources */ = {isa = PBXBuildFile; fileRef = 62D8A14A887043B99757CD5C /* UIImage+PECrop.m */; };
		85E45319FD31450D9D0FACAB /* PEPhotoCropEditor.bundle in Resources */ = {isa = PBXBuildFile; fileRef = 91C97057ADA043ABA93A85E9 /* PEPhotoCropEditor.bundle */; };
		4460877846D84C638926B7D0 /* QuartzCore.framework in Frameworks */ = {isa = PBXBuildFile; fileRef = ECBC197A940140CE97A31A72 /* QuartzCore.framework */; };
		EC9CA9B8738B47639EE5C89D /* CDVFileTransfer.m in Sources */ = {isa = PBXBuildFile; fileRef = 84E9545E2AAC492FAE500A93 /* CDVFileTransfer.m */; };
		5392897D769D4E2489B5437F /* ImageResizer.m in Sources */ = {isa = PBXBuildFile; fileRef = 2FA2CA24C7454F9E91811C20 /* ImageResizer.m */; };
		CB7346BE5E58492CB625BBA4 /* CDVCapture.m in Sources */ = {isa = PBXBuildFile; fileRef = 3B1166B4B7A447769B65C5F8 /* CDVCapture.m */; };
		E069AD075993446F8CA53D58 /* CDVCapture.bundle in Resources */ = {isa = PBXBuildFile; fileRef = 97FE1AEF8597472CB01D1F14 /* CDVCapture.bundle */; };
		3EB4F9FB7B7A4041855C35A8 /* CDVSound.m in Sources */ = {isa = PBXBuildFile; fileRef = 9F34CAC812C44A5EB0C2753B /* CDVSound.m */; };
/* End PBXBuildFile section */

/* Begin PBXContainerItemProxy section */
		301BF534109A57CC0062928A /* PBXContainerItemProxy */ = {
			isa = PBXContainerItemProxy;
			containerPortal = 301BF52D109A57CC0062928A /* CordovaLib.xcodeproj */;
			proxyType = 2;
			remoteGlobalIDString = D2AAC07E0554694100DB518D;
			remoteInfo = CordovaLib;
		};
		301BF550109A68C00062928A /* PBXContainerItemProxy */ = {
			isa = PBXContainerItemProxy;
			containerPortal = 301BF52D109A57CC0062928A /* CordovaLib.xcodeproj */;
			proxyType = 1;
			remoteGlobalIDString = D2AAC07D0554694100DB518D;
			remoteInfo = CordovaLib;
		};
/* End PBXContainerItemProxy section */

/* Begin PBXFileReference section */
		0207DA571B56EA530066E2B4 /* Images.xcassets */ = {isa = PBXFileReference; lastKnownFileType = folder.assetcatalog; name = Images.xcassets; path = "Reddah/Images.xcassets"; sourceTree = SOURCE_ROOT; };
		1D3623240D0F684500981E51 /* AppDelegate.h */ = {isa = PBXFileReference; fileEncoding = 4; lastKnownFileType = sourcecode.c.h; path = AppDelegate.h; sourceTree = "<group>"; };
		1D3623250D0F684500981E51 /* AppDelegate.m */ = {isa = PBXFileReference; fileEncoding = 4; lastKnownFileType = sourcecode.c.objc; path = AppDelegate.m; sourceTree = "<group>"; };
		1D6058910D05DD3D006BFB54 /* Reddah.app */ = {isa = PBXFileReference; explicitFileType = wrapper.application; includeInIndex = 0; path = "Reddah.app"; sourceTree = BUILT_PRODUCTS_DIR; };
		29B97316FDCFA39411CA2CEA /* main.m */ = {isa = PBXFileReference; fileEncoding = 4; lastKnownFileType = sourcecode.c.objc; path = main.m; sourceTree = "<group>"; };
		301BF52D109A57CC0062928A /* CordovaLib.xcodeproj */ = {isa = PBXFileReference; lastKnownFileType = "wrapper.pb-project"; path = CordovaLib/CordovaLib.xcodeproj; sourceTree = "<group>"; };
		301BF56E109A69640062928A /* www */ = {isa = PBXFileReference; lastKnownFileType = folder; path = www; sourceTree = SOURCE_ROOT; };
		302D95EE14D2391D003F00A1 /* MainViewController.h */ = {isa = PBXFileReference; fileEncoding = 4; lastKnownFileType = sourcecode.c.h; path = MainViewController.h; sourceTree = "<group>"; };
		302D95EF14D2391D003F00A1 /* MainViewController.m */ = {isa = PBXFileReference; fileEncoding = 4; lastKnownFileType = sourcecode.c.objc; path = MainViewController.m; sourceTree = "<group>"; };
		302D95F014D2391D003F00A1 /* MainViewController.xib */ = {isa = PBXFileReference; fileEncoding = 4; lastKnownFileType = file.xib; path = MainViewController.xib; sourceTree = "<group>"; };
		3047A50F1AB8059700498E2A /* build-debug.xcconfig */ = {isa = PBXFileReference; fileEncoding = 4; lastKnownFileType = text.xcconfig; name = "build-debug.xcconfig"; path = cordova/build-debug.xcconfig; sourceTree = SOURCE_ROOT; };
		3047A5101AB8059700498E2A /* build-release.xcconfig */ = {isa = PBXFileReference; fileEncoding = 4; lastKnownFileType = text.xcconfig; name = "build-release.xcconfig"; path = cordova/build-release.xcconfig; sourceTree = SOURCE_ROOT; };
		3047A5111AB8059700498E2A /* build.xcconfig */ = {isa = PBXFileReference; fileEncoding = 4; lastKnownFileType = text.xcconfig; name = build.xcconfig; path = cordova/build.xcconfig; sourceTree = SOURCE_ROOT; };
		32CA4F630368D1EE00C91783 /* Reddah-Prefix.pch */ = {isa = PBXFileReference; fileEncoding = 4; lastKnownFileType = sourcecode.c.h; path = "Reddah-Prefix.pch"; sourceTree = "<group>"; };
		6AFF5BF81D6E424B00AB3073 /* CDVLaunchScreen.storyboard */ = {isa = PBXFileReference; fileEncoding = 4; lastKnownFileType = file.storyboard; name = CDVLaunchScreen.storyboard; path = "Reddah/CDVLaunchScreen.storyboard"; sourceTree = SOURCE_ROOT; };
		8D1107310486CEB800E47090 /* Reddah-Info.plist */ = {isa = PBXFileReference; fileEncoding = 4; lastKnownFileType = text.plist.xml; name = "Reddah-Info.plist"; path = "Reddah/Reddah-Info.plist"; plistStructureDefinitionIdentifier = "com.apple.xcode.plist.structure-definition.iphone.info-plist"; sourceTree = SOURCE_ROOT; };
		EB87FDF31871DA8E0020F90C /* www */ = {isa = PBXFileReference; lastKnownFileType = folder; name = www; path = ../../www; sourceTree = "<group>"; };
		EB87FDF41871DAF40020F90C /* config.xml */ = {isa = PBXFileReference; lastKnownFileType = text.xml; name = config.xml; path = ../../config.xml; sourceTree = "<group>"; };
		F840E1F0165FE0F500CFE078 /* config.xml */ = {isa = PBXFileReference; lastKnownFileType = text.xml; name = config.xml; path = "Reddah/config.xml"; sourceTree = "<group>"; };
		ED33DF2A687741AEAF9F8254 /* Bridging-Header.h */ = {isa = PBXFileReference; fileEncoding = 4; lastKnownFileType = sourcecode.c.h; name = "Bridging-Header.h"; path = "Bridging-Header.h"; sourceTree = "<group>"; };
		8ACBBEE5E2E640FF8C0712EF /* RareloopAppVersion.m */ = {isa = PBXFileReference; name = "RareloopAppVersion.m"; path = "cordova-plugin-appversion/RareloopAppVersion.m"; sourceTree = "<group>"; fileEncoding = 4; lastKnownFileType = sourcecode.c.objc; explicitFileType = undefined; includeInIndex = 0; };
		E3825CF8CA424482998F3A75 /* RareloopAppVersion.h */ = {isa = PBXFileReference; name = "RareloopAppVersion.h"; path = "cordova-plugin-appversion/RareloopAppVersion.h"; sourceTree = "<group>"; fileEncoding = 4; lastKnownFileType = sourcecode.c.h; explicitFileType = undefined; includeInIndex = 0; };
		3BEA342B9B9245089F9D4D0C /* AppVersion.m */ = {isa = PBXFileReference; name = "AppVersion.m"; path = "cordova-plugin-app-version/AppVersion.m"; sourceTree = "<group>"; fileEncoding = 4; lastKnownFileType = sourcecode.c.objc; explicitFileType = undefined; includeInIndex = 0; };
		F6AAA5A32ECE4233B7C71BCC /* AppVersion.h */ = {isa = PBXFileReference; name = "AppVersion.h"; path = "cordova-plugin-app-version/AppVersion.h"; sourceTree = "<group>"; fileEncoding = 4; lastKnownFileType = sourcecode.c.h; explicitFileType = undefined; includeInIndex = 0; };
		AC7A51C25E9B481A88911785 /* CDVDevice.m */ = {isa = PBXFileReference; name = "CDVDevice.m"; path = "cordova-plugin-device/CDVDevice.m"; sourceTree = "<group>"; fileEncoding = 4; lastKnownFileType = sourcecode.c.objc; explicitFileType = undefined; includeInIndex = 0; };
		BCBE3E46AC3B4F0BA640B43B /* CDVDevice.h */ = {isa = PBXFileReference; name = "CDVDevice.h"; path = "cordova-plugin-device/CDVDevice.h"; sourceTree = "<group>"; fileEncoding = 4; lastKnownFileType = sourcecode.c.h; explicitFileType = undefined; includeInIndex = 0; };
		FB79DF7844A74341A2E1413D /* CDVInAppBrowser.m */ = {isa = PBXFileReference; name = "CDVInAppBrowser.m"; path = "cordova-plugin-inappbrowser/CDVInAppBrowser.m"; sourceTree = "<group>"; fileEncoding = 4; lastKnownFileType = sourcecode.c.objc; explicitFileType = undefined; includeInIndex = 0; };
		57303541224F47F1899CD8FF /* CDVInAppBrowser.h */ = {isa = PBXFileReference; name = "CDVInAppBrowser.h"; path = "cordova-plugin-inappbrowser/CDVInAppBrowser.h"; sourceTree = "<group>"; fileEncoding = 4; lastKnownFileType = sourcecode.c.h; explicitFileType = undefined; includeInIndex = 0; };
		278123F9B83D4A1E9D96297B /* CDVIonicKeyboard.m */ = {isa = PBXFileReference; name = "CDVIonicKeyboard.m"; path = "cordova-plugin-ionic-keyboard/CDVIonicKeyboard.m"; sourceTree = "<group>"; fileEncoding = 4; lastKnownFileType = sourcecode.c.objc; explicitFileType = undefined; includeInIndex = 0; };
		103AC238970C4854B208A430 /* CDVIonicKeyboard.h */ = {isa = PBXFileReference; name = "CDVIonicKeyboard.h"; path = "cordova-plugin-ionic-keyboard/CDVIonicKeyboard.h"; sourceTree = "<group>"; fileEncoding = 4; lastKnownFileType = sourcecode.c.h; explicitFileType = undefined; includeInIndex = 0; };
		9178C22DF284403480054AAD /* CDVWKWebViewEngine.m */ = {isa = PBXFileReference; name = "CDVWKWebViewEngine.m"; path = "cordova-plugin-ionic-webview/CDVWKWebViewEngine.m"; sourceTree = "<group>"; fileEncoding = 4; lastKnownFileType = sourcecode.c.objc; explicitFileType = undefined; includeInIndex = 0; };
		01AAF2346E0E46199A6DA753 /* CDVWKWebViewUIDelegate.m */ = {isa = PBXFileReference; name = "CDVWKWebViewUIDelegate.m"; path = "cordova-plugin-ionic-webview/CDVWKWebViewUIDelegate.m"; sourceTree = "<group>"; fileEncoding = 4; lastKnownFileType = sourcecode.c.objc; explicitFileType = undefined; includeInIndex = 0; };
		A0BB2CA4AA184E31B4678197 /* CDVWKProcessPoolFactory.m */ = {isa = PBXFileReference; name = "CDVWKProcessPoolFactory.m"; path = "cordova-plugin-ionic-webview/CDVWKProcessPoolFactory.m"; sourceTree = "<group>"; fileEncoding = 4; lastKnownFileType = sourcecode.c.objc; explicitFileType = undefined; includeInIndex = 0; };
		FD63514E844E4155B43C97ED /* GCDWebServer.m */ = {isa = PBXFileReference; name = "GCDWebServer.m"; path = "cordova-plugin-ionic-webview/GCDWebServer.m"; sourceTree = "<group>"; fileEncoding = 4; lastKnownFileType = sourcecode.c.objc; explicitFileType = undefined; includeInIndex = 0; };
		780AAD1E67664BD8B343DDFF /* GCDWebServerConnection.m */ = {isa = PBXFileReference; name = "GCDWebServerConnection.m"; path = "cordova-plugin-ionic-webview/GCDWebServerConnection.m"; sourceTree = "<group>"; fileEncoding = 4; lastKnownFileType = sourcecode.c.objc; explicitFileType = undefined; includeInIndex = 0; };
		06E54A0DB84E429790C94B2A /* GCDWebServerFunctions.m */ = {isa = PBXFileReference; name = "GCDWebServerFunctions.m"; path = "cordova-plugin-ionic-webview/GCDWebServerFunctions.m"; sourceTree = "<group>"; fileEncoding = 4; lastKnownFileType = sourcecode.c.objc; explicitFileType = undefined; includeInIndex = 0; };
		C2648661063542EA82D3BFCD /* GCDWebServerRequest.m */ = {isa = PBXFileReference; name = "GCDWebServerRequest.m"; path = "cordova-plugin-ionic-webview/GCDWebServerRequest.m"; sourceTree = "<group>"; fileEncoding = 4; lastKnownFileType = sourcecode.c.objc; explicitFileType = undefined; includeInIndex = 0; };
		D3AFB036426B4B709BAD0E6E /* GCDWebServerResponse.m */ = {isa = PBXFileReference; name = "GCDWebServerResponse.m"; path = "cordova-plugin-ionic-webview/GCDWebServerResponse.m"; sourceTree = "<group>"; fileEncoding = 4; lastKnownFileType = sourcecode.c.objc; explicitFileType = undefined; includeInIndex = 0; };
		2B43363176A14E4587A6E8B6 /* GCDWebServerDataRequest.m */ = {isa = PBXFileReference; name = "GCDWebServerDataRequest.m"; path = "cordova-plugin-ionic-webview/GCDWebServerDataRequest.m"; sourceTree = "<group>"; fileEncoding = 4; lastKnownFileType = sourcecode.c.objc; explicitFileType = undefined; includeInIndex = 0; };
		445F121A524B4275A97BA35B /* GCDWebServerFileRequest.m */ = {isa = PBXFileReference; name = "GCDWebServerFileRequest.m"; path = "cordova-plugin-ionic-webview/GCDWebServerFileRequest.m"; sourceTree = "<group>"; fileEncoding = 4; lastKnownFileType = sourcecode.c.objc; explicitFileType = undefined; includeInIndex = 0; };
		712215E78B544DC7B76796EF /* GCDWebServerMultiPartFormRequest.m */ = {isa = PBXFileReference; name = "GCDWebServerMultiPartFormRequest.m"; path = "cordova-plugin-ionic-webview/GCDWebServerMultiPartFormRequest.m"; sourceTree = "<group>"; fileEncoding = 4; lastKnownFileType = sourcecode.c.objc; explicitFileType = undefined; includeInIndex = 0; };
		D5988D61A6F8413F92CF37DF /* GCDWebServerURLEncodedFormRequest.m */ = {isa = PBXFileReference; name = "GCDWebServerURLEncodedFormRequest.m"; path = "cordova-plugin-ionic-webview/GCDWebServerURLEncodedFormRequest.m"; sourceTree = "<group>"; fileEncoding = 4; lastKnownFileType = sourcecode.c.objc; explicitFileType = undefined; includeInIndex = 0; };
		A67BD032FAD5489296C6C888 /* GCDWebServerDataResponse.m */ = {isa = PBXFileReference; name = "GCDWebServerDataResponse.m"; path = "cordova-plugin-ionic-webview/GCDWebServerDataResponse.m"; sourceTree = "<group>"; fileEncoding = 4; lastKnownFileType = sourcecode.c.objc; explicitFileType = undefined; includeInIndex = 0; };
		CA26B2ABA5A04CA991908CAB /* GCDWebServerErrorResponse.m */ = {isa = PBXFileReference; name = "GCDWebServerErrorResponse.m"; path = "cordova-plugin-ionic-webview/GCDWebServerErrorResponse.m"; sourceTree = "<group>"; fileEncoding = 4; lastKnownFileType = sourcecode.c.objc; explicitFileType = undefined; includeInIndex = 0; };
		02881FD963E34C839A282DC0 /* GCDWebServerFileResponse.m */ = {isa = PBXFileReference; name = "GCDWebServerFileResponse.m"; path = "cordova-plugin-ionic-webview/GCDWebServerFileResponse.m"; sourceTree = "<group>"; fileEncoding = 4; lastKnownFileType = sourcecode.c.objc; explicitFileType = undefined; includeInIndex = 0; };
		AFCED2EF14E8410E8CF42D2F /* GCDWebServerStreamedResponse.m */ = {isa = PBXFileReference; name = "GCDWebServerStreamedResponse.m"; path = "cordova-plugin-ionic-webview/GCDWebServerStreamedResponse.m"; sourceTree = "<group>"; fileEncoding = 4; lastKnownFileType = sourcecode.c.objc; explicitFileType = undefined; includeInIndex = 0; };
		2A67960DF7FE4B84BE27277E /* CDVWKWebViewEngine.h */ = {isa = PBXFileReference; name = "CDVWKWebViewEngine.h"; path = "cordova-plugin-ionic-webview/CDVWKWebViewEngine.h"; sourceTree = "<group>"; fileEncoding = 4; lastKnownFileType = sourcecode.c.h; explicitFileType = undefined; includeInIndex = 0; };
		7E6C67B6DBB74469A2FBE997 /* CDVWKWebViewUIDelegate.h */ = {isa = PBXFileReference; name = "CDVWKWebViewUIDelegate.h"; path = "cordova-plugin-ionic-webview/CDVWKWebViewUIDelegate.h"; sourceTree = "<group>"; fileEncoding = 4; lastKnownFileType = sourcecode.c.h; explicitFileType = undefined; includeInIndex = 0; };
		496D493E809F4F67B7711F49 /* CDVWKProcessPoolFactory.h */ = {isa = PBXFileReference; name = "CDVWKProcessPoolFactory.h"; path = "cordova-plugin-ionic-webview/CDVWKProcessPoolFactory.h"; sourceTree = "<group>"; fileEncoding = 4; lastKnownFileType = sourcecode.c.h; explicitFileType = undefined; includeInIndex = 0; };
		55DDE620418B4A549AD90335 /* GCDWebServer.h */ = {isa = PBXFileReference; name = "GCDWebServer.h"; path = "cordova-plugin-ionic-webview/GCDWebServer.h"; sourceTree = "<group>"; fileEncoding = 4; lastKnownFileType = sourcecode.c.h; explicitFileType = undefined; includeInIndex = 0; };
		0D12ED965FAD4CFEAC67589A /* GCDWebServerConnection.h */ = {isa = PBXFileReference; name = "GCDWebServerConnection.h"; path = "cordova-plugin-ionic-webview/GCDWebServerConnection.h"; sourceTree = "<group>"; fileEncoding = 4; lastKnownFileType = sourcecode.c.h; explicitFileType = undefined; includeInIndex = 0; };
		F7038ECF133E4B5286883A31 /* GCDWebServerFunctions.h */ = {isa = PBXFileReference; name = "GCDWebServerFunctions.h"; path = "cordova-plugin-ionic-webview/GCDWebServerFunctions.h"; sourceTree = "<group>"; fileEncoding = 4; lastKnownFileType = sourcecode.c.h; explicitFileType = undefined; includeInIndex = 0; };
		DBDF9684FB28460797180606 /* GCDWebServerHTTPStatusCodes.h */ = {isa = PBXFileReference; name = "GCDWebServerHTTPStatusCodes.h"; path = "cordova-plugin-ionic-webview/GCDWebServerHTTPStatusCodes.h"; sourceTree = "<group>"; fileEncoding = 4; lastKnownFileType = sourcecode.c.h; explicitFileType = undefined; includeInIndex = 0; };
		997DDA73DCE94519AE87CF51 /* GCDWebServerPrivate.h */ = {isa = PBXFileReference; name = "GCDWebServerPrivate.h"; path = "cordova-plugin-ionic-webview/GCDWebServerPrivate.h"; sourceTree = "<group>"; fileEncoding = 4; lastKnownFileType = sourcecode.c.h; explicitFileType = undefined; includeInIndex = 0; };
		0F03A886652E465382650438 /* GCDWebServerRequest.h */ = {isa = PBXFileReference; name = "GCDWebServerRequest.h"; path = "cordova-plugin-ionic-webview/GCDWebServerRequest.h"; sourceTree = "<group>"; fileEncoding = 4; lastKnownFileType = sourcecode.c.h; explicitFileType = undefined; includeInIndex = 0; };
		C951398D1F564FF1ACB1F485 /* GCDWebServerResponse.h */ = {isa = PBXFileReference; name = "GCDWebServerResponse.h"; path = "cordova-plugin-ionic-webview/GCDWebServerResponse.h"; sourceTree = "<group>"; fileEncoding = 4; lastKnownFileType = sourcecode.c.h; explicitFileType = undefined; includeInIndex = 0; };
		DD19947694374C70B7124A25 /* GCDWebServerDataRequest.h */ = {isa = PBXFileReference; name = "GCDWebServerDataRequest.h"; path = "cordova-plugin-ionic-webview/GCDWebServerDataRequest.h"; sourceTree = "<group>"; fileEncoding = 4; lastKnownFileType = sourcecode.c.h; explicitFileType = undefined; includeInIndex = 0; };
		33C632CA0F964269A5042719 /* GCDWebServerFileRequest.h */ = {isa = PBXFileReference; name = "GCDWebServerFileRequest.h"; path = "cordova-plugin-ionic-webview/GCDWebServerFileRequest.h"; sourceTree = "<group>"; fileEncoding = 4; lastKnownFileType = sourcecode.c.h; explicitFileType = undefined; includeInIndex = 0; };
		B3FDA4BBE6E04E3B8CB6AE2A /* GCDWebServerMultiPartFormRequest.h */ = {isa = PBXFileReference; name = "GCDWebServerMultiPartFormRequest.h"; path = "cordova-plugin-ionic-webview/GCDWebServerMultiPartFormRequest.h"; sourceTree = "<group>"; fileEncoding = 4; lastKnownFileType = sourcecode.c.h; explicitFileType = undefined; includeInIndex = 0; };
		07BCBC650927461096F201F8 /* GCDWebServerURLEncodedFormRequest.h */ = {isa = PBXFileReference; name = "GCDWebServerURLEncodedFormRequest.h"; path = "cordova-plugin-ionic-webview/GCDWebServerURLEncodedFormRequest.h"; sourceTree = "<group>"; fileEncoding = 4; lastKnownFileType = sourcecode.c.h; explicitFileType = undefined; includeInIndex = 0; };
		C077B1EA29B845EE91C2EE3E /* GCDWebServerDataResponse.h */ = {isa = PBXFileReference; name = "GCDWebServerDataResponse.h"; path = "cordova-plugin-ionic-webview/GCDWebServerDataResponse.h"; sourceTree = "<group>"; fileEncoding = 4; lastKnownFileType = sourcecode.c.h; explicitFileType = undefined; includeInIndex = 0; };
		8C4D137963CB466BB0D8C885 /* GCDWebServerErrorResponse.h */ = {isa = PBXFileReference; name = "GCDWebServerErrorResponse.h"; path = "cordova-plugin-ionic-webview/GCDWebServerErrorResponse.h"; sourceTree = "<group>"; fileEncoding = 4; lastKnownFileType = sourcecode.c.h; explicitFileType = undefined; includeInIndex = 0; };
		928F2A2B4B0D433C9CBC6C5C /* GCDWebServerFileResponse.h */ = {isa = PBXFileReference; name = "GCDWebServerFileResponse.h"; path = "cordova-plugin-ionic-webview/GCDWebServerFileResponse.h"; sourceTree = "<group>"; fileEncoding = 4; lastKnownFileType = sourcecode.c.h; explicitFileType = undefined; includeInIndex = 0; };
		C966111A3A6F4A0B992764C1 /* GCDWebServerStreamedResponse.h */ = {isa = PBXFileReference; name = "GCDWebServerStreamedResponse.h"; path = "cordova-plugin-ionic-webview/GCDWebServerStreamedResponse.h"; sourceTree = "<group>"; fileEncoding = 4; lastKnownFileType = sourcecode.c.h; explicitFileType = undefined; includeInIndex = 0; };
		B7686D375A9043B9A667B9EE /* WebKit.framework */ = {isa = PBXFileReference; name = "WebKit.framework"; path = "System/Library/Frameworks/WebKit.framework"; sourceTree = SDKROOT; fileEncoding = undefined; lastKnownFileType = wrapper.framework; explicitFileType = undefined; includeInIndex = 0; };
		00CFAB55D95244D5BD1F6196 /* libz.tbd */ = {isa = PBXFileReference; name = "libz.tbd"; path = "usr/lib/libz.tbd"; sourceTree = SDKROOT; fileEncoding = undefined; lastKnownFileType = sourcecode.text-based-dylib-definition; explicitFileType = undefined; includeInIndex = 0; };
		FAF34C9BC61D466786D8CF2D /* CDVSplashScreen.m */ = {isa = PBXFileReference; name = "CDVSplashScreen.m"; path = "cordova-plugin-splashscreen/CDVSplashScreen.m"; sourceTree = "<group>"; fileEncoding = 4; lastKnownFileType = sourcecode.c.objc; explicitFileType = undefined; includeInIndex = 0; };
		A2C33D2A7D444E33B43591C9 /* CDVViewController+SplashScreen.m */ = {isa = PBXFileReference; name = "CDVViewController+SplashScreen.m"; path = "cordova-plugin-splashscreen/CDVViewController+SplashScreen.m"; sourceTree = "<group>"; fileEncoding = 4; lastKnownFileType = sourcecode.c.objc; explicitFileType = undefined; includeInIndex = 0; };
		D54C7477516142A593D56F84 /* CDVSplashScreen.h */ = {isa = PBXFileReference; name = "CDVSplashScreen.h"; path = "cordova-plugin-splashscreen/CDVSplashScreen.h"; sourceTree = "<group>"; fileEncoding = 4; lastKnownFileType = sourcecode.c.h; explicitFileType = undefined; includeInIndex = 0; };
		7C5160E758D44F77B4397D46 /* CDVViewController+SplashScreen.h */ = {isa = PBXFileReference; name = "CDVViewController+SplashScreen.h"; path = "cordova-plugin-splashscreen/CDVViewController+SplashScreen.h"; sourceTree = "<group>"; fileEncoding = 4; lastKnownFileType = sourcecode.c.h; explicitFileType = undefined; includeInIndex = 0; };
		0EE6B99B218E49F791548E26 /* CDVStatusBar.m */ = {isa = PBXFileReference; name = "CDVStatusBar.m"; path = "cordova-plugin-statusbar/CDVStatusBar.m"; sourceTree = "<group>"; fileEncoding = 4; lastKnownFileType = sourcecode.c.objc; explicitFileType = undefined; includeInIndex = 0; };
		04DB6476191C47919BF8B75E /* CDVStatusBar.h */ = {isa = PBXFileReference; name = "CDVStatusBar.h"; path = "cordova-plugin-statusbar/CDVStatusBar.h"; sourceTree = "<group>"; fileEncoding = 4; lastKnownFileType = sourcecode.c.h; explicitFileType = undefined; includeInIndex = 0; };
		D198EDD38EB14983942E4E21 /* UIImage+CropScaleOrientation.m */ = {isa = PBXFileReference; name = "UIImage+CropScaleOrientation.m"; path = "cordova-plugin-camera/UIImage+CropScaleOrientation.m"; sourceTree = "<group>"; fileEncoding = 4; lastKnownFileType = sourcecode.c.objc; explicitFileType = undefined; includeInIndex = 0; };
		1830C3CC3648427E899748CC /* CDVCamera.m */ = {isa = PBXFileReference; name = "CDVCamera.m"; path = "cordova-plugin-camera/CDVCamera.m"; sourceTree = "<group>"; fileEncoding = 4; lastKnownFileType = sourcecode.c.objc; explicitFileType = undefined; includeInIndex = 0; };
		835B84A568C24E769C162793 /* CDVJpegHeaderWriter.m */ = {isa = PBXFileReference; name = "CDVJpegHeaderWriter.m"; path = "cordova-plugin-camera/CDVJpegHeaderWriter.m"; sourceTree = "<group>"; fileEncoding = 4; lastKnownFileType = sourcecode.c.objc; explicitFileType = undefined; includeInIndex = 0; };
		954CD2B9CD704B7CB6C1F0D7 /* UIImage+CropScaleOrientation.h */ = {isa = PBXFileReference; name = "UIImage+CropScaleOrientation.h"; path = "cordova-plugin-camera/UIImage+CropScaleOrientation.h"; sourceTree = "<group>"; fileEncoding = 4; lastKnownFileType = sourcecode.c.h; explicitFileType = undefined; includeInIndex = 0; };
		06E2DD96EDEB4A6A965E3329 /* CDVCamera.h */ = {isa = PBXFileReference; name = "CDVCamera.h"; path = "cordova-plugin-camera/CDVCamera.h"; sourceTree = "<group>"; fileEncoding = 4; lastKnownFileType = sourcecode.c.h; explicitFileType = undefined; includeInIndex = 0; };
		7BEAEAE64BB242A9BD0A5203 /* CDVJpegHeaderWriter.h */ = {isa = PBXFileReference; name = "CDVJpegHeaderWriter.h"; path = "cordova-plugin-camera/CDVJpegHeaderWriter.h"; sourceTree = "<group>"; fileEncoding = 4; lastKnownFileType = sourcecode.c.h; explicitFileType = undefined; includeInIndex = 0; };
		D236017F5397452B83FD5F97 /* CDVExif.h */ = {isa = PBXFileReference; name = "CDVExif.h"; path = "cordova-plugin-camera/CDVExif.h"; sourceTree = "<group>"; fileEncoding = 4; lastKnownFileType = sourcecode.c.h; explicitFileType = undefined; includeInIndex = 0; };
		1C03520B3D934E22AAF02C14 /* ImageIO.framework */ = {isa = PBXFileReference; name = "ImageIO.framework"; path = "System/Library/Frameworks/ImageIO.framework"; sourceTree = SDKROOT; fileEncoding = undefined; lastKnownFileType = wrapper.framework; explicitFileType = undefined; includeInIndex = 0; };
		8DFA06C045164A90BFB1D5C6 /* CoreLocation.framework */ = {isa = PBXFileReference; name = "CoreLocation.framework"; path = "System/Library/Frameworks/CoreLocation.framework"; sourceTree = SDKROOT; fileEncoding = undefined; lastKnownFileType = wrapper.framework; explicitFileType = undefined; includeInIndex = 0; };
		B69E0C40193341C582C1CC06 /* AVFoundation.framework */ = {isa = PBXFileReference; name = "AVFoundation.framework"; path = "System/Library/Frameworks/AVFoundation.framework"; sourceTree = SDKROOT; fileEncoding = undefined; lastKnownFileType = wrapper.framework; explicitFileType = undefined; includeInIndex = 0; };
		41638F1EF3164B0F82C3FD2D /* CDVFile.m */ = {isa = PBXFileReference; name = "CDVFile.m"; path = "cordova-plugin-file/CDVFile.m"; sourceTree = "<group>"; fileEncoding = 4; lastKnownFileType = sourcecode.c.objc; explicitFileType = undefined; includeInIndex = 0; };
		4319CF457D0A4F68BB132919 /* CDVLocalFilesystem.m */ = {isa = PBXFileReference; name = "CDVLocalFilesystem.m"; path = "cordova-plugin-file/CDVLocalFilesystem.m"; sourceTree = "<group>"; fileEncoding = 4; lastKnownFileType = sourcecode.c.objc; explicitFileType = undefined; includeInIndex = 0; };
		FFED18A224044553B03B0391 /* CDVAssetLibraryFilesystem.m */ = {isa = PBXFileReference; name = "CDVAssetLibraryFilesystem.m"; path = "cordova-plugin-file/CDVAssetLibraryFilesystem.m"; sourceTree = "<group>"; fileEncoding = 4; lastKnownFileType = sourcecode.c.objc; explicitFileType = undefined; includeInIndex = 0; };
		440FE3C8448B40E4A6C4B039 /* CDVFile.h */ = {isa = PBXFileReference; name = "CDVFile.h"; path = "cordova-plugin-file/CDVFile.h"; sourceTree = "<group>"; fileEncoding = 4; lastKnownFileType = sourcecode.c.h; explicitFileType = undefined; includeInIndex = 0; };
		8E0C3D3286E24F0490DF9F97 /* CDVLocalFilesystem.h */ = {isa = PBXFileReference; name = "CDVLocalFilesystem.h"; path = "cordova-plugin-file/CDVLocalFilesystem.h"; sourceTree = "<group>"; fileEncoding = 4; lastKnownFileType = sourcecode.c.h; explicitFileType = undefined; includeInIndex = 0; };
		277D00A5A9034909ADBCE73A /* CDVAssetLibraryFilesystem.h */ = {isa = PBXFileReference; name = "CDVAssetLibraryFilesystem.h"; path = "cordova-plugin-file/CDVAssetLibraryFilesystem.h"; sourceTree = "<group>"; fileEncoding = 4; lastKnownFileType = sourcecode.c.h; explicitFileType = undefined; includeInIndex = 0; };
		6073A35A613A48D89DF15A10 /* PhotoLibrary.swift */ = {isa = PBXFileReference; name = "PhotoLibrary.swift"; path = "cordova-plugin-photo-library/PhotoLibrary.swift"; sourceTree = "<group>"; fileEncoding = 4; lastKnownFileType = sourcecode.swift; explicitFileType = undefined; includeInIndex = 0; };
		71274425EF3A4F84959AAF64 /* PhotoLibraryProtocol.swift */ = {isa = PBXFileReference; name = "PhotoLibraryProtocol.swift"; path = "cordova-plugin-photo-library/PhotoLibraryProtocol.swift"; sourceTree = "<group>"; fileEncoding = 4; lastKnownFileType = sourcecode.swift; explicitFileType = undefined; includeInIndex = 0; };
		345930E53D0A4F628FA98700 /* PhotoLibraryService.swift */ = {isa = PBXFileReference; name = "PhotoLibraryService.swift"; path = "cordova-plugin-photo-library/PhotoLibraryService.swift"; sourceTree = "<group>"; fileEncoding = 4; lastKnownFileType = sourcecode.swift; explicitFileType = undefined; includeInIndex = 0; };
		BCD022D583DA4E71A52C07E5 /* PhotoLibraryGetLibraryOptions.swift */ = {isa = PBXFileReference; name = "PhotoLibraryGetLibraryOptions.swift"; path = "cordova-plugin-photo-library/PhotoLibraryGetLibraryOptions.swift"; sourceTree = "<group>"; fileEncoding = 4; lastKnownFileType = sourcecode.swift; explicitFileType = undefined; includeInIndex = 0; };
		4708C26B5B2142FDAB507D8E /* QRScanner.swift */ = {isa = PBXFileReference; name = "QRScanner.swift"; path = "cordova-plugin-qrscanner/QRScanner.swift"; sourceTree = "<group>"; fileEncoding = 4; lastKnownFileType = sourcecode.swift; explicitFileType = undefined; includeInIndex = 0; };
		31589562A0E44476A4910596 /* CTCrop.m */ = {isa = PBXFileReference; name = "CTCrop.m"; path = "cordova-plugin-crop/CTCrop.m"; sourceTree = "<group>"; fileEncoding = 4; lastKnownFileType = sourcecode.c.objc; explicitFileType = undefined; includeInIndex = 0; };
		F79D0EE51B374E77B9E887F9 /* PECropRectView.m */ = {isa = PBXFileReference; name = "PECropRectView.m"; path = "cordova-plugin-crop/PECropRectView.m"; sourceTree = "<group>"; fileEncoding = 4; lastKnownFileType = sourcecode.c.objc; explicitFileType = undefined; includeInIndex = 0; };
		1833BD17FC02483DBF5C4D24 /* PECropView.m */ = {isa = PBXFileReference; name = "PECropView.m"; path = "cordova-plugin-crop/PECropView.m"; sourceTree = "<group>"; fileEncoding = 4; lastKnownFileType = sourcecode.c.objc; explicitFileType = undefined; includeInIndex = 0; };
		89E6BCFC899A40339EAFD083 /* PECropViewController.m */ = {isa = PBXFileReference; name = "PECropViewController.m"; path = "cordova-plugin-crop/PECropViewController.m"; sourceTree = "<group>"; fileEncoding = 4; lastKnownFileType = sourcecode.c.objc; explicitFileType = undefined; includeInIndex = 0; };
		726B8FD094EC4B4E81531F1F /* PEResizeControl.m */ = {isa = PBXFileReference; name = "PEResizeControl.m"; path = "cordova-plugin-crop/PEResizeControl.m"; sourceTree = "<group>"; fileEncoding = 4; lastKnownFileType = sourcecode.c.objc; explicitFileType = undefined; includeInIndex = 0; };
		62D8A14A887043B99757CD5C /* UIImage+PECrop.m */ = {isa = PBXFileReference; name = "UIImage+PECrop.m"; path = "cordova-plugin-crop/UIImage+PECrop.m"; sourceTree = "<group>"; fileEncoding = 4; lastKnownFileType = sourcecode.c.objc; explicitFileType = undefined; includeInIndex = 0; };
		526608CCBC7E443297002054 /* CTCrop.h */ = {isa = PBXFileReference; name = "CTCrop.h"; path = "cordova-plugin-crop/CTCrop.h"; sourceTree = "<group>"; fileEncoding = 4; lastKnownFileType = sourcecode.c.h; explicitFileType = undefined; includeInIndex = 0; };
		2CC6C55D378A4C22A41D5E6F /* PECropRectView.h */ = {isa = PBXFileReference; name = "PECropRectView.h"; path = "cordova-plugin-crop/PECropRectView.h"; sourceTree = "<group>"; fileEncoding = 4; lastKnownFileType = sourcecode.c.h; explicitFileType = undefined; includeInIndex = 0; };
		117E48CBE1464FEA83613903 /* PECropView.h */ = {isa = PBXFileReference; name = "PECropView.h"; path = "cordova-plugin-crop/PECropView.h"; sourceTree = "<group>"; fileEncoding = 4; lastKnownFileType = sourcecode.c.h; explicitFileType = undefined; includeInIndex = 0; };
		3A86A9A5920E47BEADD16084 /* PECropViewController.h */ = {isa = PBXFileReference; name = "PECropViewController.h"; path = "cordova-plugin-crop/PECropViewController.h"; sourceTree = "<group>"; fileEncoding = 4; lastKnownFileType = sourcecode.c.h; explicitFileType = undefined; includeInIndex = 0; };
		1B5289EB26BC497C819F6647 /* PEResizeControl.h */ = {isa = PBXFileReference; name = "PEResizeControl.h"; path = "cordova-plugin-crop/PEResizeControl.h"; sourceTree = "<group>"; fileEncoding = 4; lastKnownFileType = sourcecode.c.h; explicitFileType = undefined; includeInIndex = 0; };
		137200F2773D4FB2A7C9D479 /* UIImage+PECrop.h */ = {isa = PBXFileReference; name = "UIImage+PECrop.h"; path = "cordova-plugin-crop/UIImage+PECrop.h"; sourceTree = "<group>"; fileEncoding = 4; lastKnownFileType = sourcecode.c.h; explicitFileType = undefined; includeInIndex = 0; };
		91C97057ADA043ABA93A85E9 /* PEPhotoCropEditor.bundle */ = {isa = PBXFileReference; name = "PEPhotoCropEditor.bundle"; path = "PEPhotoCropEditor.bundle"; sourceTree = "<group>"; fileEncoding = undefined; lastKnownFileType = wrapper.plug-in; explicitFileType = undefined; includeInIndex = 0; };
		ECBC197A940140CE97A31A72 /* QuartzCore.framework */ = {isa = PBXFileReference; name = "QuartzCore.framework"; path = "System/Library/Frameworks/QuartzCore.framework"; sourceTree = SDKROOT; fileEncoding = undefined; lastKnownFileType = wrapper.framework; explicitFileType = undefined; includeInIndex = 0; };
		84E9545E2AAC492FAE500A93 /* CDVFileTransfer.m */ = {isa = PBXFileReference; name = "CDVFileTransfer.m"; path = "cordova-plugin-file-transfer/CDVFileTransfer.m"; sourceTree = "<group>"; fileEncoding = 4; lastKnownFileType = sourcecode.c.objc; explicitFileType = undefined; includeInIndex = 0; };
		66EE8A52070C436CAA6D8DA4 /* CDVFileTransfer.h */ = {isa = PBXFileReference; name = "CDVFileTransfer.h"; path = "cordova-plugin-file-transfer/CDVFileTransfer.h"; sourceTree = "<group>"; fileEncoding = 4; lastKnownFileType = sourcecode.c.h; explicitFileType = undefined; includeInIndex = 0; };
		2FA2CA24C7454F9E91811C20 /* ImageResizer.m */ = {isa = PBXFileReference; name = "ImageResizer.m"; path = "info.protonet.imageresizer/ImageResizer.m"; sourceTree = "<group>"; fileEncoding = 4; lastKnownFileType = sourcecode.c.objc; explicitFileType = undefined; includeInIndex = 0; };
		21EA76D6B1B247759C0BB4FC /* ImageResizer.h */ = {isa = PBXFileReference; name = "ImageResizer.h"; path = "info.protonet.imageresizer/ImageResizer.h"; sourceTree = "<group>"; fileEncoding = 4; lastKnownFileType = sourcecode.c.h; explicitFileType = undefined; includeInIndex = 0; };
		3B1166B4B7A447769B65C5F8 /* CDVCapture.m */ = {isa = PBXFileReference; name = "CDVCapture.m"; path = "cordova-plugin-media-capture/CDVCapture.m"; sourceTree = "<group>"; fileEncoding = 4; lastKnownFileType = sourcecode.c.objc; explicitFileType = undefined; includeInIndex = 0; };
		4FA4FFCFB706412FADF93F42 /* CDVCapture.h */ = {isa = PBXFileReference; name = "CDVCapture.h"; path = "cordova-plugin-media-capture/CDVCapture.h"; sourceTree = "<group>"; fileEncoding = 4; lastKnownFileType = sourcecode.c.h; explicitFileType = undefined; includeInIndex = 0; };
		97FE1AEF8597472CB01D1F14 /* CDVCapture.bundle */ = {isa = PBXFileReference; name = "CDVCapture.bundle"; path = "CDVCapture.bundle"; sourceTree = "<group>"; fileEncoding = undefined; lastKnownFileType = wrapper.plug-in; explicitFileType = undefined; includeInIndex = 0; };
		9F34CAC812C44A5EB0C2753B /* CDVSound.m */ = {isa = PBXFileReference; name = "CDVSound.m"; path = "cordova-plugin-media/CDVSound.m"; sourceTree = "<group>"; fileEncoding = 4; lastKnownFileType = sourcecode.c.objc; explicitFileType = undefined; includeInIndex = 0; };
		D1F64493B29E4B2B98C0C332 /* CDVSound.h */ = {isa = PBXFileReference; name = "CDVSound.h"; path = "cordova-plugin-media/CDVSound.h"; sourceTree = "<group>"; fileEncoding = 4; lastKnownFileType = sourcecode.c.h; explicitFileType = undefined; includeInIndex = 0; };
/* End PBXFileReference section */

/* Begin PBXFrameworksBuildPhase section */
		1D60588F0D05DD3D006BFB54 /* Frameworks */ = {
			isa = PBXFrameworksBuildPhase;
			buildActionMask = 2147483647;
			files = (
				301BF552109A68D80062928A /* libCordova.a in Frameworks */,
				818578D6D45C4AC183A52A82 /* WebKit.framework in Frameworks */,
				4862FDEAAD814075AED6A6BB /* libz.tbd in Frameworks */,
				4E9A59D4F05E493682130171 /* ImageIO.framework in Frameworks */,
				C6A6D5B96F244D90A2B63977 /* CoreLocation.framework in Frameworks */,
				AC63EAA4FB2D4E0C96142870 /* AVFoundation.framework in Frameworks */,
				4460877846D84C638926B7D0 /* QuartzCore.framework in Frameworks */,
			);
			runOnlyForDeploymentPostprocessing = 0;
		};
/* End PBXFrameworksBuildPhase section */

/* Begin PBXGroup section */
		080E96DDFE201D6D7F000001 /* Classes */ = {
			isa = PBXGroup;
			children = (
				302D95EE14D2391D003F00A1 /* MainViewController.h */,
				302D95EF14D2391D003F00A1 /* MainViewController.m */,
				302D95F014D2391D003F00A1 /* MainViewController.xib */,
				1D3623240D0F684500981E51 /* AppDelegate.h */,
				1D3623250D0F684500981E51 /* AppDelegate.m */,
			);
			name = Classes;
			path = "Reddah/Classes";
			sourceTree = SOURCE_ROOT;
		};
		19C28FACFE9D520D11CA2CBB /* Products */ = {
			isa = PBXGroup;
			children = (
				1D6058910D05DD3D006BFB54 /* Reddah.app */,
			);
			name = Products;
			sourceTree = "<group>";
		};
		29B97314FDCFA39411CA2CEA /* CustomTemplate */ = {
			isa = PBXGroup;
			children = (
				EB87FDF41871DAF40020F90C /* config.xml */,
				EB87FDF31871DA8E0020F90C /* www */,
				EB87FDF11871DA420020F90C /* Staging */,
				301BF52D109A57CC0062928A /* CordovaLib.xcodeproj */,
				080E96DDFE201D6D7F000001 /* Classes */,
				307C750510C5A3420062BCA9 /* Plugins */,
				29B97315FDCFA39411CA2CEA /* Other Sources */,
				29B97317FDCFA39411CA2CEA /* Resources */,
				29B97323FDCFA39411CA2CEA /* Frameworks */,
				19C28FACFE9D520D11CA2CBB /* Products */,
			);
			name = CustomTemplate;
			sourceTree = "<group>";
		};
		29B97315FDCFA39411CA2CEA /* Other Sources */ = {
			isa = PBXGroup;
			children = (
				32CA4F630368D1EE00C91783 /* Reddah-Prefix.pch */,
				29B97316FDCFA39411CA2CEA /* main.m */,
				ED33DF2A687741AEAF9F8254 /* Bridging-Header.h */,
			);
			name = "Other Sources";
			path = "Reddah";
			sourceTree = "<group>";
		};
		29B97317FDCFA39411CA2CEA /* Resources */ = {
			isa = PBXGroup;
			children = (
				0207DA571B56EA530066E2B4 /* Images.xcassets */,
				3047A50E1AB8057F00498E2A /* config */,
				8D1107310486CEB800E47090 /* Reddah-Info.plist */,
				6AFF5BF81D6E424B00AB3073 /* CDVLaunchScreen.storyboard */,
				91C97057ADA043ABA93A85E9 /* PEPhotoCropEditor.bundle */,
				97FE1AEF8597472CB01D1F14 /* CDVCapture.bundle */,
			);
			name = Resources;
			path = "Reddah/Resources";
			sourceTree = "<group>";
		};
		29B97323FDCFA39411CA2CEA /* Frameworks */ = {
			isa = PBXGroup;
			children = (
				B7686D375A9043B9A667B9EE /* WebKit.framework */,
				00CFAB55D95244D5BD1F6196 /* libz.tbd */,
				1C03520B3D934E22AAF02C14 /* ImageIO.framework */,
				8DFA06C045164A90BFB1D5C6 /* CoreLocation.framework */,
				B69E0C40193341C582C1CC06 /* AVFoundation.framework */,
				ECBC197A940140CE97A31A72 /* QuartzCore.framework */,
			);
			name = Frameworks;
			sourceTree = "<group>";
		};
		301BF52E109A57CC0062928A /* Products */ = {
			isa = PBXGroup;
			children = (
				301BF535109A57CC0062928A /* libCordova.a */,
			);
			name = Products;
			sourceTree = "<group>";
		};
		3047A50E1AB8057F00498E2A /* config */ = {
			isa = PBXGroup;
			children = (
				3047A50F1AB8059700498E2A /* build-debug.xcconfig */,
				3047A5101AB8059700498E2A /* build-release.xcconfig */,
				3047A5111AB8059700498E2A /* build.xcconfig */,
			);
			name = config;
			sourceTree = "<group>";
		};
		307C750510C5A3420062BCA9 /* Plugins */ = {
			isa = PBXGroup;
			children = (
				8ACBBEE5E2E640FF8C0712EF /* RareloopAppVersion.m */,
				E3825CF8CA424482998F3A75 /* RareloopAppVersion.h */,
				3BEA342B9B9245089F9D4D0C /* AppVersion.m */,
				F6AAA5A32ECE4233B7C71BCC /* AppVersion.h */,
				AC7A51C25E9B481A88911785 /* CDVDevice.m */,
				BCBE3E46AC3B4F0BA640B43B /* CDVDevice.h */,
				FB79DF7844A74341A2E1413D /* CDVInAppBrowser.m */,
				57303541224F47F1899CD8FF /* CDVInAppBrowser.h */,
				278123F9B83D4A1E9D96297B /* CDVIonicKeyboard.m */,
				103AC238970C4854B208A430 /* CDVIonicKeyboard.h */,
				9178C22DF284403480054AAD /* CDVWKWebViewEngine.m */,
				01AAF2346E0E46199A6DA753 /* CDVWKWebViewUIDelegate.m */,
				A0BB2CA4AA184E31B4678197 /* CDVWKProcessPoolFactory.m */,
				FD63514E844E4155B43C97ED /* GCDWebServer.m */,
				780AAD1E67664BD8B343DDFF /* GCDWebServerConnection.m */,
				06E54A0DB84E429790C94B2A /* GCDWebServerFunctions.m */,
				C2648661063542EA82D3BFCD /* GCDWebServerRequest.m */,
				D3AFB036426B4B709BAD0E6E /* GCDWebServerResponse.m */,
				2B43363176A14E4587A6E8B6 /* GCDWebServerDataRequest.m */,
				445F121A524B4275A97BA35B /* GCDWebServerFileRequest.m */,
				712215E78B544DC7B76796EF /* GCDWebServerMultiPartFormRequest.m */,
				D5988D61A6F8413F92CF37DF /* GCDWebServerURLEncodedFormRequest.m */,
				A67BD032FAD5489296C6C888 /* GCDWebServerDataResponse.m */,
				CA26B2ABA5A04CA991908CAB /* GCDWebServerErrorResponse.m */,
				02881FD963E34C839A282DC0 /* GCDWebServerFileResponse.m */,
				AFCED2EF14E8410E8CF42D2F /* GCDWebServerStreamedResponse.m */,
				2A67960DF7FE4B84BE27277E /* CDVWKWebViewEngine.h */,
				7E6C67B6DBB74469A2FBE997 /* CDVWKWebViewUIDelegate.h */,
				496D493E809F4F67B7711F49 /* CDVWKProcessPoolFactory.h */,
				55DDE620418B4A549AD90335 /* GCDWebServer.h */,
				0D12ED965FAD4CFEAC67589A /* GCDWebServerConnection.h */,
				F7038ECF133E4B5286883A31 /* GCDWebServerFunctions.h */,
				DBDF9684FB28460797180606 /* GCDWebServerHTTPStatusCodes.h */,
				997DDA73DCE94519AE87CF51 /* GCDWebServerPrivate.h */,
				0F03A886652E465382650438 /* GCDWebServerRequest.h */,
				C951398D1F564FF1ACB1F485 /* GCDWebServerResponse.h */,
				DD19947694374C70B7124A25 /* GCDWebServerDataRequest.h */,
				33C632CA0F964269A5042719 /* GCDWebServerFileRequest.h */,
				B3FDA4BBE6E04E3B8CB6AE2A /* GCDWebServerMultiPartFormRequest.h */,
				07BCBC650927461096F201F8 /* GCDWebServerURLEncodedFormRequest.h */,
				C077B1EA29B845EE91C2EE3E /* GCDWebServerDataResponse.h */,
				8C4D137963CB466BB0D8C885 /* GCDWebServerErrorResponse.h */,
				928F2A2B4B0D433C9CBC6C5C /* GCDWebServerFileResponse.h */,
				C966111A3A6F4A0B992764C1 /* GCDWebServerStreamedResponse.h */,
				FAF34C9BC61D466786D8CF2D /* CDVSplashScreen.m */,
				A2C33D2A7D444E33B43591C9 /* CDVViewController+SplashScreen.m */,
				D54C7477516142A593D56F84 /* CDVSplashScreen.h */,
				7C5160E758D44F77B4397D46 /* CDVViewController+SplashScreen.h */,
				0EE6B99B218E49F791548E26 /* CDVStatusBar.m */,
				04DB6476191C47919BF8B75E /* CDVStatusBar.h */,
				D198EDD38EB14983942E4E21 /* UIImage+CropScaleOrientation.m */,
				1830C3CC3648427E899748CC /* CDVCamera.m */,
				835B84A568C24E769C162793 /* CDVJpegHeaderWriter.m */,
				954CD2B9CD704B7CB6C1F0D7 /* UIImage+CropScaleOrientation.h */,
				06E2DD96EDEB4A6A965E3329 /* CDVCamera.h */,
				7BEAEAE64BB242A9BD0A5203 /* CDVJpegHeaderWriter.h */,
				D236017F5397452B83FD5F97 /* CDVExif.h */,
				41638F1EF3164B0F82C3FD2D /* CDVFile.m */,
				4319CF457D0A4F68BB132919 /* CDVLocalFilesystem.m */,
				FFED18A224044553B03B0391 /* CDVAssetLibraryFilesystem.m */,
				440FE3C8448B40E4A6C4B039 /* CDVFile.h */,
				8E0C3D3286E24F0490DF9F97 /* CDVLocalFilesystem.h */,
				277D00A5A9034909ADBCE73A /* CDVAssetLibraryFilesystem.h */,
				6073A35A613A48D89DF15A10 /* PhotoLibrary.swift */,
				71274425EF3A4F84959AAF64 /* PhotoLibraryProtocol.swift */,
				345930E53D0A4F628FA98700 /* PhotoLibraryService.swift */,
				BCD022D583DA4E71A52C07E5 /* PhotoLibraryGetLibraryOptions.swift */,
				4708C26B5B2142FDAB507D8E /* QRScanner.swift */,
				31589562A0E44476A4910596 /* CTCrop.m */,
				F79D0EE51B374E77B9E887F9 /* PECropRectView.m */,
				1833BD17FC02483DBF5C4D24 /* PECropView.m */,
				89E6BCFC899A40339EAFD083 /* PECropViewController.m */,
				726B8FD094EC4B4E81531F1F /* PEResizeControl.m */,
				62D8A14A887043B99757CD5C /* UIImage+PECrop.m */,
				526608CCBC7E443297002054 /* CTCrop.h */,
				2CC6C55D378A4C22A41D5E6F /* PECropRectView.h */,
				117E48CBE1464FEA83613903 /* PECropView.h */,
				3A86A9A5920E47BEADD16084 /* PECropViewController.h */,
				1B5289EB26BC497C819F6647 /* PEResizeControl.h */,
				137200F2773D4FB2A7C9D479 /* UIImage+PECrop.h */,
				84E9545E2AAC492FAE500A93 /* CDVFileTransfer.m */,
				66EE8A52070C436CAA6D8DA4 /* CDVFileTransfer.h */,
				2FA2CA24C7454F9E91811C20 /* ImageResizer.m */,
				21EA76D6B1B247759C0BB4FC /* ImageResizer.h */,
				3B1166B4B7A447769B65C5F8 /* CDVCapture.m */,
				4FA4FFCFB706412FADF93F42 /* CDVCapture.h */,
				9F34CAC812C44A5EB0C2753B /* CDVSound.m */,
				D1F64493B29E4B2B98C0C332 /* CDVSound.h */,
			);
			name = Plugins;
			path = "Reddah/Plugins";
			sourceTree = SOURCE_ROOT;
		};
		EB87FDF11871DA420020F90C /* Staging */ = {
			isa = PBXGroup;
			children = (
				F840E1F0165FE0F500CFE078 /* config.xml */,
				301BF56E109A69640062928A /* www */,
			);
			name = Staging;
			sourceTree = "<group>";
		};
/* End PBXGroup section */

/* Begin PBXNativeTarget section */
		1D6058900D05DD3D006BFB54 /* Reddah */ = {
			isa = PBXNativeTarget;
			buildConfigurationList = 1D6058960D05DD3E006BFB54 /* Build configuration list for PBXNativeTarget "Reddah" */;
			buildPhases = (
				304B58A110DAC018002A0835 /* Copy www directory */,
				1D60588D0D05DD3D006BFB54 /* Resources */,
				1D60588E0D05DD3D006BFB54 /* Sources */,
				1D60588F0D05DD3D006BFB54 /* Frameworks */,
			);
			buildRules = (
			);
			dependencies = (
				301BF551109A68C00062928A /* PBXTargetDependency */,
			);
			name = "Reddah";
			productName = "Reddah";
			productReference = 1D6058910D05DD3D006BFB54 /* Reddah.app */;
			productType = "com.apple.product-type.application";
		};
/* End PBXNativeTarget section */

/* Begin PBXProject section */
		29B97313FDCFA39411CA2CEA /* Project object */ = {
			isa = PBXProject;
			attributes = {
				LastUpgradeCheck = 510;
			};
			buildConfigurationList = C01FCF4E08A954540054247B /* Build configuration list for PBXProject "__NON-CLI__" */;
			compatibilityVersion = "Xcode 3.2";
			developmentRegion = English;
			hasScannedForEncodings = 1;
			mainGroup = 29B97314FDCFA39411CA2CEA /* CustomTemplate */;
			projectDirPath = "";
			projectReferences = (
				{
					ProductGroup = 301BF52E109A57CC0062928A /* Products */;
					ProjectRef = 301BF52D109A57CC0062928A /* CordovaLib.xcodeproj */;
				},
			);
			projectRoot = "";
			targets = (
				1D6058900D05DD3D006BFB54 /* Reddah */,
			);
		};
/* End PBXProject section */

/* Begin PBXReferenceProxy section */
		301BF535109A57CC0062928A /* libCordova.a */ = {
			isa = PBXReferenceProxy;
			fileType = archive.ar;
			path = libCordova.a;
			remoteRef = 301BF534109A57CC0062928A /* PBXContainerItemProxy */;
			sourceTree = BUILT_PRODUCTS_DIR;
		};
/* End PBXReferenceProxy section */

/* Begin PBXResourcesBuildPhase section */
		1D60588D0D05DD3D006BFB54 /* Resources */ = {
			isa = PBXResourcesBuildPhase;
			buildActionMask = 2147483647;
			files = (
				302D95F214D2391D003F00A1 /* MainViewController.xib in Resources */,
				0207DA581B56EA530066E2B4 /* Images.xcassets in Resources */,
				6AFF5BF91D6E424B00AB3073 /* CDVLaunchScreen.storyboard in Resources */,
				85E45319FD31450D9D0FACAB /* PEPhotoCropEditor.bundle in Resources */,
				E069AD075993446F8CA53D58 /* CDVCapture.bundle in Resources */,
			);
			runOnlyForDeploymentPostprocessing = 0;
		};
/* End PBXResourcesBuildPhase section */

/* Begin PBXShellScriptBuildPhase section */
		304B58A110DAC018002A0835 /* Copy www directory */ = {
			isa = PBXShellScriptBuildPhase;
			buildActionMask = 2147483647;
			files = (
			);
			inputPaths = (
			);
			name = "Copy www directory";
			outputPaths = (
			);
			runOnlyForDeploymentPostprocessing = 0;
			shellPath = /bin/sh;
			shellScript = "NODEJS_PATH=/usr/local/bin; NVM_NODE_PATH=~/.nvm/versions/node/`nvm version 2>/dev/null`/bin; N_NODE_PATH=`find /usr/local/n/versions/node/* -maxdepth 0 -type d 2>/dev/null | tail -1`/bin; XCODE_NODE_PATH=`xcode-select --print-path`/usr/share/xcs/Node/bin; PATH=$NODEJS_PATH:$NVM_NODE_PATH:$N_NODE_PATH:$XCODE_NODE_PATH:$PATH && node cordova/lib/copy-www-build-step.js";
			showEnvVarsInLog = 0;
		};
/* End PBXShellScriptBuildPhase section */

/* Begin PBXSourcesBuildPhase section */
		1D60588E0D05DD3D006BFB54 /* Sources */ = {
			isa = PBXSourcesBuildPhase;
			buildActionMask = 2147483647;
			files = (
				1D60589B0D05DD56006BFB54 /* main.m in Sources */,
				1D3623260D0F684500981E51 /* AppDelegate.m in Sources */,
				302D95F114D2391D003F00A1 /* MainViewController.m in Sources */,
				74C80330EFAC4129BEF98FA9 /* RareloopAppVersion.m in Sources */,
				CC317E1747D54F118C6C7E0E /* AppVersion.m in Sources */,
				217673497E1D486AA6F411F8 /* CDVDevice.m in Sources */,
				8A2795BD545945AA9BED037B /* CDVInAppBrowser.m in Sources */,
				276E873EF1A5421FAFAF9CB2 /* CDVIonicKeyboard.m in Sources */,
				16F2E668A18042D2A9BB8D4B /* CDVWKWebViewEngine.m in Sources */,
				690E795986C14058869D494D /* CDVWKWebViewUIDelegate.m in Sources */,
				10135502EA924F14A0426A7A /* CDVWKProcessPoolFactory.m in Sources */,
				1BEB32C5002240C5A41E3113 /* GCDWebServer.m in Sources */,
				ACDC918CEB9E4ACA9B765B59 /* GCDWebServerConnection.m in Sources */,
				AB3BF7AB3CA045379605B0B3 /* GCDWebServerFunctions.m in Sources */,
				4DCEC382A075424D9C671C1D /* GCDWebServerRequest.m in Sources */,
				577E70BFFDEB4915A1375345 /* GCDWebServerResponse.m in Sources */,
				65349A72DAE64E24B16439C4 /* GCDWebServerDataRequest.m in Sources */,
				E5B4C819E7514B1F84203008 /* GCDWebServerFileRequest.m in Sources */,
				9034668C73964ACF9BF1E920 /* GCDWebServerMultiPartFormRequest.m in Sources */,
				4933A54E50474D6395E06632 /* GCDWebServerURLEncodedFormRequest.m in Sources */,
				52F1ED9B55D247CA8DC3A0A7 /* GCDWebServerDataResponse.m in Sources */,
				2A278527846444BF83C7BA80 /* GCDWebServerErrorResponse.m in Sources */,
				A26BF45F8A82483880DE061A /* GCDWebServerFileResponse.m in Sources */,
				2DD0CFE41833470CA14E3963 /* GCDWebServerStreamedResponse.m in Sources */,
				D5799C84868D4D5284CFA8D3 /* CDVSplashScreen.m in Sources */,
				810D6557B41F4B57B44B02CB /* CDVViewController+SplashScreen.m in Sources */,
				9EA544383C45463FAC38889C /* CDVStatusBar.m in Sources */,
				D27B9623ACB64D1398AEDB40 /* UIImage+CropScaleOrientation.m in Sources */,
				8511AD7BC1B94FA48D1449C9 /* CDVCamera.m in Sources */,
				8A4E7B376AB64F56980A7F78 /* CDVJpegHeaderWriter.m in Sources */,
				E3A42640DB88433EB94713DB /* CDVFile.m in Sources */,
				869693D9B6DD454E8CA4058D /* CDVLocalFilesystem.m in Sources */,
				8D3B268BD9604B6C902AF7B4 /* CDVAssetLibraryFilesystem.m in Sources */,
				434E087D68F246148B9FDB02 /* PhotoLibrary.swift in Sources */,
				34A0192E7FC14E119D51F99F /* PhotoLibraryProtocol.swift in Sources */,
				46BAA3FDC1D94F6AA7B76707 /* PhotoLibraryService.swift in Sources */,
				600608CD40634E83A3904A51 /* PhotoLibraryGetLibraryOptions.swift in Sources */,
				97A69BB0A2DC41D29B52C3B5 /* QRScanner.swift in Sources */,
				EC616B8A56C5482B9EED7FE7 /* CTCrop.m in Sources */,
				827847D5DE894D289BF1ED2F /* PECropRectView.m in Sources */,
				36946205D93A4C10A465B36D /* PECropView.m in Sources */,
				6E90A98A725840DBA494CE2C /* PECropViewController.m in Sources */,
				483615885E7D487B8E59E8C8 /* PEResizeControl.m in Sources */,
				C05E07D892E7460993C67516 /* UIImage+PECrop.m in Sources */,
				EC9CA9B8738B47639EE5C89D /* CDVFileTransfer.m in Sources */,
				5392897D769D4E2489B5437F /* ImageResizer.m in Sources */,
				CB7346BE5E58492CB625BBA4 /* CDVCapture.m in Sources */,
				3EB4F9FB7B7A4041855C35A8 /* CDVSound.m in Sources */,
			);
			runOnlyForDeploymentPostprocessing = 0;
		};
/* End PBXSourcesBuildPhase section */

/* Begin PBXTargetDependency section */
		301BF551109A68C00062928A /* PBXTargetDependency */ = {
			isa = PBXTargetDependency;
			name = CordovaLib;
			targetProxy = 301BF550109A68C00062928A /* PBXContainerItemProxy */;
		};
/* End PBXTargetDependency section */

/* Begin XCBuildConfiguration section */
		1D6058940D05DD3E006BFB54 /* Debug */ = {
			isa = XCBuildConfiguration;
			baseConfigurationReference = 3047A50F1AB8059700498E2A /* build-debug.xcconfig */;
			buildSettings = {
				ALWAYS_SEARCH_USER_PATHS = NO;
				ASSETCATALOG_COMPILER_APPICON_NAME = AppIcon;
				ASSETCATALOG_COMPILER_LAUNCHIMAGE_NAME = LaunchImage;
				CLANG_ENABLE_MODULES = YES;
				CLANG_ENABLE_OBJC_ARC = YES;
				COPY_PHASE_STRIP = NO;
				GCC_DYNAMIC_NO_PIC = NO;
				GCC_OPTIMIZATION_LEVEL = 0;
				GCC_PRECOMPILE_PREFIX_HEADER = YES;
				GCC_PREFIX_HEADER = "Reddah/Reddah-Prefix.pch";
				GCC_THUMB_SUPPORT = NO;
				GCC_VERSION = "";
				INFOPLIST_FILE = "Reddah/Reddah-Info.plist";
				IPHONEOS_DEPLOYMENT_TARGET = 9.0;
				LD_RUNPATH_SEARCH_PATHS = "@executable_path/Frameworks";
				TARGETED_DEVICE_FAMILY = "1,2";
				PRODUCT_NAME = "Reddah";
				SWIFT_OBJC_BRIDGING_HEADER = "$(PROJECT_DIR)/$(PROJECT_NAME)/Bridging-Header.h";
				ALWAYS_EMBED_SWIFT_STANDARD_LIBRARIES = YES;
				SWIFT_VERSION = 3.0;
				SWIFT_OPTIMIZATION_LEVEL = "-Onone";
			};
			name = Debug;
		};
		1D6058950D05DD3E006BFB54 /* Release */ = {
			isa = XCBuildConfiguration;
			baseConfigurationReference = 3047A5101AB8059700498E2A /* build-release.xcconfig */;
			buildSettings = {
				ALWAYS_SEARCH_USER_PATHS = NO;
				ASSETCATALOG_COMPILER_APPICON_NAME = AppIcon;
				ASSETCATALOG_COMPILER_LAUNCHIMAGE_NAME = LaunchImage;
				CLANG_ENABLE_MODULES = YES;
				CLANG_ENABLE_OBJC_ARC = YES;
				COPY_PHASE_STRIP = YES;
				GCC_PRECOMPILE_PREFIX_HEADER = YES;
				GCC_PREFIX_HEADER = "Reddah/Reddah-Prefix.pch";
				GCC_THUMB_SUPPORT = NO;
				GCC_VERSION = "";
				INFOPLIST_FILE = "Reddah/Reddah-Info.plist";
				IPHONEOS_DEPLOYMENT_TARGET = 9.0;
				LD_RUNPATH_SEARCH_PATHS = "@executable_path/Frameworks";
				TARGETED_DEVICE_FAMILY = "1,2";
				PRODUCT_NAME = "Reddah";
				SWIFT_OBJC_BRIDGING_HEADER = "$(PROJECT_DIR)/$(PROJECT_NAME)/Bridging-Header.h";
				ALWAYS_EMBED_SWIFT_STANDARD_LIBRARIES = YES;
				SWIFT_VERSION = 3.0;
			};
			name = Release;
		};
		C01FCF4F08A954540054247B /* Debug */ = {
			isa = XCBuildConfiguration;
			baseConfigurationReference = 3047A5111AB8059700498E2A /* build.xcconfig */;
			buildSettings = {
				CLANG_ENABLE_MODULES = YES;
				CLANG_ENABLE_OBJC_ARC = YES;
				CLANG_WARN_BOOL_CONVERSION = YES;
				CLANG_WARN_CONSTANT_CONVERSION = YES;
				CLANG_WARN_EMPTY_BODY = YES;
				CLANG_WARN_ENUM_CONVERSION = YES;
				CLANG_WARN_INT_CONVERSION = YES;
				CLANG_WARN__DUPLICATE_METHOD_MATCH = YES;
				GCC_C_LANGUAGE_STANDARD = c99;
				GCC_THUMB_SUPPORT = NO;
				GCC_VERSION = "";
				GCC_WARN_ABOUT_RETURN_TYPE = YES;
				GCC_WARN_UNDECLARED_SELECTOR = YES;
				GCC_WARN_UNINITIALIZED_AUTOS = YES;
				GCC_WARN_UNUSED_FUNCTION = YES;
				GCC_WARN_UNUSED_VARIABLE = YES;
				ONLY_ACTIVE_ARCH = YES;
				SDKROOT = iphoneos;
				SKIP_INSTALL = NO;
				SWIFT_OBJC_BRIDGING_HEADER = "$(PROJECT_DIR)/$(PROJECT_NAME)/Bridging-Header.h";
				ALWAYS_EMBED_SWIFT_STANDARD_LIBRARIES = YES;
				SWIFT_VERSION = 3.0;
				SWIFT_OPTIMIZATION_LEVEL = "-Onone";
			};
			name = Debug;
		};
		C01FCF5008A954540054247B /* Release */ = {
			isa = XCBuildConfiguration;
			baseConfigurationReference = 3047A5111AB8059700498E2A /* build.xcconfig */;
			buildSettings = {
				CLANG_ENABLE_MODULES = YES;
				CLANG_ENABLE_OBJC_ARC = YES;
				CLANG_WARN_BOOL_CONVERSION = YES;
				CLANG_WARN_CONSTANT_CONVERSION = YES;
				CLANG_WARN_EMPTY_BODY = YES;
				CLANG_WARN_ENUM_CONVERSION = YES;
				CLANG_WARN_INT_CONVERSION = YES;
				CLANG_WARN__DUPLICATE_METHOD_MATCH = YES;
				GCC_C_LANGUAGE_STANDARD = c99;
				GCC_THUMB_SUPPORT = NO;
				GCC_VERSION = "";
				GCC_WARN_ABOUT_RETURN_TYPE = YES;
				GCC_WARN_UNDECLARED_SELECTOR = YES;
				GCC_WARN_UNINITIALIZED_AUTOS = YES;
				GCC_WARN_UNUSED_FUNCTION = YES;
				GCC_WARN_UNUSED_VARIABLE = YES;
				SDKROOT = iphoneos;
				SKIP_INSTALL = NO;
				SWIFT_OBJC_BRIDGING_HEADER = "$(PROJECT_DIR)/$(PROJECT_NAME)/Bridging-Header.h";
				ALWAYS_EMBED_SWIFT_STANDARD_LIBRARIES = YES;
				SWIFT_VERSION = 3.0;
			};
			name = Release;
		};
/* End XCBuildConfiguration section */

/* Begin XCConfigurationList section */
		1D6058960D05DD3E006BFB54 /* Build configuration list for PBXNativeTarget "Reddah" */ = {
			isa = XCConfigurationList;
			buildConfigurations = (
				1D6058940D05DD3E006BFB54 /* Debug */,
				1D6058950D05DD3E006BFB54 /* Release */,
			);
			defaultConfigurationIsVisible = 0;
			defaultConfigurationName = Release;
		};
		C01FCF4E08A954540054247B /* Build configuration list for PBXProject "__NON-CLI__" */ = {
			isa = XCConfigurationList;
			buildConfigurations = (
				C01FCF4F08A954540054247B /* Debug */,
				C01FCF5008A954540054247B /* Release */,
			);
			defaultConfigurationIsVisible = 0;
			defaultConfigurationName = Release;
		};
/* End XCConfigurationList section */
	};
	rootObject = 29B97313FDCFA39411CA2CEA /* Project object */;
}
