
Microsoft Visual Studio Solution File, Format Version 12.00
# Visual Studio 2012
Project("{FAE04EC0-301F-11D3-BF4B-00C04F79EFBC}") = "Reddah.Web.UI", "Reddah.Web.UI\Reddah.Web.UI.csproj", "{472CC0FC-D495-4E7A-BB29-C7E43AE745BD}"
EndProject
Project("{FAE04EC0-301F-11D3-BF4B-00C04F79EFBC}") = "Reddah.Web.Core", "Reddah.Web.Core\Reddah.Web.Core.csproj", "{4DF85914-0D37-4F16-BEAA-74F8BC4ECC01}"
EndProject
Project("{FAE04EC0-301F-11D3-BF4B-00C04F79EFBC}") = "Reddah.Core", "Reddah.Core\Reddah.Core.csproj", "{3096955E-31F3-4721-AA86-76461D3276A2}"
EndProject
Project("{FAE04EC0-301F-11D3-BF4B-00C04F79EFBC}") = "Reddah.Web.Live", "Reddah.Web.Live\Reddah.Web.Live.csproj", "{A4A7EB56-B49E-4C1B-86B0-187D1BF70BA9}"
EndProject
Project("{FAE04EC0-301F-11D3-BF4B-00C04F79EFBC}") = "Reddah.Web.Captcha", "Reddah.Web.Captcha\Reddah.Web.Captcha.csproj", "{E78E7563-07C5-494D-BC1F-B00542A059DC}"
EndProject
Global
	GlobalSection(SolutionConfigurationPlatforms) = preSolution
		Debug|Any CPU = Debug|Any CPU
		Debug|x64 = Debug|x64
		Debug|x86 = Debug|x86
		Release|Any CPU = Release|Any CPU
		Release|x64 = Release|x64
		Release|x86 = Release|x86
	EndGlobalSection
	GlobalSection(ProjectConfigurationPlatforms) = postSolution
		{472CC0FC-D495-4E7A-BB29-C7E43AE745BD}.Debug|Any CPU.ActiveCfg = Debug|Any CPU
		{472CC0FC-D495-4E7A-BB29-C7E43AE745BD}.Debug|Any CPU.Build.0 = Debug|Any CPU
		{472CC0FC-D495-4E7A-BB29-C7E43AE745BD}.Debug|x64.ActiveCfg = Debug|Any CPU
		{472CC0FC-D495-4E7A-BB29-C7E43AE745BD}.Debug|x86.ActiveCfg = Debug|Any CPU
		{472CC0FC-D495-4E7A-BB29-C7E43AE745BD}.Release|Any CPU.ActiveCfg = Release|Any CPU
		{472CC0FC-D495-4E7A-BB29-C7E43AE745BD}.Release|Any CPU.Build.0 = Release|Any CPU
		{472CC0FC-D495-4E7A-BB29-C7E43AE745BD}.Release|x64.ActiveCfg = Release|Any CPU
		{472CC0FC-D495-4E7A-BB29-C7E43AE745BD}.Release|x86.ActiveCfg = Release|Any CPU
		{4DF85914-0D37-4F16-BEAA-74F8BC4ECC01}.Debug|Any CPU.ActiveCfg = Debug|Any CPU
		{4DF85914-0D37-4F16-BEAA-74F8BC4ECC01}.Debug|Any CPU.Build.0 = Debug|Any CPU
		{4DF85914-0D37-4F16-BEAA-74F8BC4ECC01}.Debug|x64.ActiveCfg = Debug|Any CPU
		{4DF85914-0D37-4F16-BEAA-74F8BC4ECC01}.Debug|x86.ActiveCfg = Debug|Any CPU
		{4DF85914-0D37-4F16-BEAA-74F8BC4ECC01}.Release|Any CPU.ActiveCfg = Release|Any CPU
		{4DF85914-0D37-4F16-BEAA-74F8BC4ECC01}.Release|Any CPU.Build.0 = Release|Any CPU
		{4DF85914-0D37-4F16-BEAA-74F8BC4ECC01}.Release|x64.ActiveCfg = Release|Any CPU
		{4DF85914-0D37-4F16-BEAA-74F8BC4ECC01}.Release|x86.ActiveCfg = Release|Any CPU
		{3096955E-31F3-4721-AA86-76461D3276A2}.Debug|Any CPU.ActiveCfg = Debug|Any CPU
		{3096955E-31F3-4721-AA86-76461D3276A2}.Debug|Any CPU.Build.0 = Debug|Any CPU
		{3096955E-31F3-4721-AA86-76461D3276A2}.Debug|x64.ActiveCfg = Debug|Any CPU
		{3096955E-31F3-4721-AA86-76461D3276A2}.Debug|x86.ActiveCfg = Debug|Any CPU
		{3096955E-31F3-4721-AA86-76461D3276A2}.Release|Any CPU.ActiveCfg = Release|Any CPU
		{3096955E-31F3-4721-AA86-76461D3276A2}.Release|Any CPU.Build.0 = Release|Any CPU
		{3096955E-31F3-4721-AA86-76461D3276A2}.Release|x64.ActiveCfg = Release|Any CPU
		{3096955E-31F3-4721-AA86-76461D3276A2}.Release|x86.ActiveCfg = Release|Any CPU
		{A4A7EB56-B49E-4C1B-86B0-187D1BF70BA9}.Debug|Any CPU.ActiveCfg = Debug|Any CPU
		{A4A7EB56-B49E-4C1B-86B0-187D1BF70BA9}.Debug|Any CPU.Build.0 = Debug|Any CPU
		{A4A7EB56-B49E-4C1B-86B0-187D1BF70BA9}.Debug|x64.ActiveCfg = Debug|Any CPU
		{A4A7EB56-B49E-4C1B-86B0-187D1BF70BA9}.Debug|x86.ActiveCfg = Debug|Any CPU
		{A4A7EB56-B49E-4C1B-86B0-187D1BF70BA9}.Release|Any CPU.ActiveCfg = Release|Any CPU
		{A4A7EB56-B49E-4C1B-86B0-187D1BF70BA9}.Release|Any CPU.Build.0 = Release|Any CPU
		{A4A7EB56-B49E-4C1B-86B0-187D1BF70BA9}.Release|x64.ActiveCfg = Release|Any CPU
		{A4A7EB56-B49E-4C1B-86B0-187D1BF70BA9}.Release|x86.ActiveCfg = Release|Any CPU
		{E78E7563-07C5-494D-BC1F-B00542A059DC}.Debug|Any CPU.ActiveCfg = Debug|Any CPU
		{E78E7563-07C5-494D-BC1F-B00542A059DC}.Debug|Any CPU.Build.0 = Debug|Any CPU
		{E78E7563-07C5-494D-BC1F-B00542A059DC}.Debug|x64.ActiveCfg = Debug|Any CPU
		{E78E7563-07C5-494D-BC1F-B00542A059DC}.Debug|x86.ActiveCfg = Debug|Any CPU
		{E78E7563-07C5-494D-BC1F-B00542A059DC}.Release|Any CPU.ActiveCfg = Release|Any CPU
		{E78E7563-07C5-494D-BC1F-B00542A059DC}.Release|Any CPU.Build.0 = Release|Any CPU
		{E78E7563-07C5-494D-BC1F-B00542A059DC}.Release|x64.ActiveCfg = Release|Any CPU
		{E78E7563-07C5-494D-BC1F-B00542A059DC}.Release|x86.ActiveCfg = Release|Any CPU
	EndGlobalSection
	GlobalSection(SolutionProperties) = preSolution
		HideSolutionNode = FALSE
	EndGlobalSection
EndGlobal
