
Microsoft Visual Studio Solution File, Format Version 12.00
# Visual Studio 15
Project("{FAE04EC0-301F-11D3-BF4B-00C04F79EFBC}") = "System.IdentityModel.Tokens.Jwt", "System.IdentityModel.Tokens.Jwt.csproj", "{3E74D0CE-B930-4D3B-B70C-6B88FA3A661A}"
EndProject
Global
	GlobalSection(SolutionConfigurationPlatforms) = preSolution
		Debug|Any CPU = Debug|Any CPU
		Release|Any CPU = Release|Any CPU
	EndGlobalSection
	GlobalSection(ProjectConfigurationPlatforms) = postSolution
		{3E74D0CE-B930-4D3B-B70C-6B88FA3A661A}.Debug|Any CPU.ActiveCfg = Debug|Any CPU
		{3E74D0CE-B930-4D3B-B70C-6B88FA3A661A}.Debug|Any CPU.Build.0 = Debug|Any CPU
		{3E74D0CE-B930-4D3B-B70C-6B88FA3A661A}.Release|Any CPU.ActiveCfg = Release|Any CPU
		{3E74D0CE-B930-4D3B-B70C-6B88FA3A661A}.Release|Any CPU.Build.0 = Release|Any CPU
	EndGlobalSection
EndGlobal
